// !$*UTF8*$!
{
	archiveVersion = 1;
	classes = {
	};
	objectVersion = 56;
	objects = {

/* Begin PBXBuildFile section */
		43FE629228F1F53D007433B4 /* WidgetKitTodoApp.swift in Sources */ = {isa = PBXBuildFile; fileRef = 43FE629128F1F53D007433B4 /* WidgetKitTodoApp.swift */; };
		43FE629428F1F53D007433B4 /* ContentView.swift in Sources */ = {isa = PBXBuildFile; fileRef = 43FE629328F1F53D007433B4 /* ContentView.swift */; };
		43FE629628F1F53E007433B4 /* Assets.xcassets in Resources */ = {isa = PBXBuildFile; fileRef = 43FE629528F1F53E007433B4 /* Assets.xcassets */; };
		43FE629928F1F53E007433B4 /* Preview Assets.xcassets in Resources */ = {isa = PBXBuildFile; fileRef = 43FE629828F1F53E007433B4 /* Preview Assets.xcassets */; };
		43FE62A328F1F53E007433B4 /* WidgetKitTodoTests.swift in Sources */ = {isa = PBXBuildFile; fileRef = 43FE62A228F1F53E007433B4 /* WidgetKitTodoTests.swift */; };
		43FE62AD28F1F53E007433B4 /* WidgetKitTodoUITests.swift in Sources */ = {isa = PBXBuildFile; fileRef = 43FE62AC28F1F53E007433B4 /* WidgetKitTodoUITests.swift */; };
		43FE62AF28F1F53E007433B4 /* WidgetKitTodoUITestsLaunchTests.swift in Sources */ = {isa = PBXBuildFile; fileRef = 43FE62AE28F1F53E007433B4 /* WidgetKitTodoUITestsLaunchTests.swift */; };
		43FE62BC28F1F616007433B4 /* Todo.swift in Sources */ = {isa = PBXBuildFile; fileRef = 43FE62BB28F1F616007433B4 /* Todo.swift */; };
		43FE62BE28F1F685007433B4 /* TodoService.swift in Sources */ = {isa = PBXBuildFile; fileRef = 43FE62BD28F1F685007433B4 /* TodoService.swift */; };
		43FE62C628F2AF79007433B4 /* WidgetKit.framework in Frameworks */ = {isa = PBXBuildFile; fileRef = 43FE62C528F2AF79007433B4 /* WidgetKit.framework */; };
		43FE62C828F2AF79007433B4 /* SwiftUI.framework in Frameworks */ = {isa = PBXBuildFile; fileRef = 43FE62C728F2AF79007433B4 /* SwiftUI.framework */; };
		43FE62CB28F2AF79007433B4 /* WidgetKitTodoWidget.swift in Sources */ = {isa = PBXBuildFile; fileRef = 43FE62CA28F2AF79007433B4 /* WidgetKitTodoWidget.swift */; };
		43FE62CD28F2AF7A007433B4 /* Assets.xcassets in Resources */ = {isa = PBXBuildFile; fileRef = 43FE62CC28F2AF7A007433B4 /* Assets.xcassets */; };
		43FE62D128F2AF7A007433B4 /* WidgetKitTodoWidgetExtension.appex in Embed Foundation Extensions */ = {isa = PBXBuildFile; fileRef = 43FE62C328F2AF79007433B4 /* WidgetKitTodoWidgetExtension.appex */; settings = {ATTRIBUTES = (RemoveHeadersOnCopy, ); }; };
		43FE62D928F2B230007433B4 /* Provider.swift in Sources */ = {isa = PBXBuildFile; fileRef = 43FE62D828F2B230007433B4 /* Provider.swift */; };
		43FE62DB28F2B275007433B4 /* SimpleEntry.swift in Sources */ = {isa = PBXBuildFile; fileRef = 43FE62DA28F2B275007433B4 /* SimpleEntry.swift */; };
/* End PBXBuildFile section */

/* Begin PBXContainerItemProxy section */
		43FE629F28F1F53E007433B4 /* PBXContainerItemProxy */ = {
			isa = PBXContainerItemProxy;
			containerPortal = 43FE628628F1F53D007433B4 /* Project object */;
			proxyType = 1;
			remoteGlobalIDString = 43FE628D28F1F53D007433B4;
			remoteInfo = WidgetKitTodo;
		};
		43FE62A928F1F53E007433B4 /* PBXContainerItemProxy */ = {
			isa = PBXContainerItemProxy;
			containerPortal = 43FE628628F1F53D007433B4 /* Project object */;
			proxyType = 1;
			remoteGlobalIDString = 43FE628D28F1F53D007433B4;
			remoteInfo = WidgetKitTodo;
		};
		43FE62CF28F2AF7A007433B4 /* PBXContainerItemProxy */ = {
			isa = PBXContainerItemProxy;
			containerPortal = 43FE628628F1F53D007433B4 /* Project object */;
			proxyType = 1;
			remoteGlobalIDString = 43FE62C228F2AF79007433B4;
			remoteInfo = WidgetKitTodoWidgetExtension;
		};
/* End PBXContainerItemProxy section */

/* Begin PBXCopyFilesBuildPhase section */
		43FE62D528F2AF7A007433B4 /* Embed Foundation Extensions */ = {
			isa = PBXCopyFilesBuildPhase;
			buildActionMask = 2147483647;
			dstPath = "";
			dstSubfolderSpec = 13;
			files = (
				43FE62D128F2AF7A007433B4 /* WidgetKitTodoWidgetExtension.appex in Embed Foundation Extensions */,
			);
			name = "Embed Foundation Extensions";
			runOnlyForDeploymentPostprocessing = 0;
		};
/* End PBXCopyFilesBuildPhase section */

/* Begin PBXFileReference section */
		43FE628E28F1F53D007433B4 /* WidgetKitTodo.app */ = {isa = PBXFileReference; explicitFileType = wrapper.application; includeInIndex = 0; path = WidgetKitTodo.app; sourceTree = BUILT_PRODUCTS_DIR; };
		43FE629128F1F53D007433B4 /* WidgetKitTodoApp.swift */ = {isa = PBXFileReference; lastKnownFileType = sourcecode.swift; path = WidgetKitTodoApp.swift; sourceTree = "<group>"; };
		43FE629328F1F53D007433B4 /* ContentView.swift */ = {isa = PBXFileReference; lastKnownFileType = sourcecode.swift; path = ContentView.swift; sourceTree = "<group>"; };
		43FE629528F1F53E007433B4 /* Assets.xcassets */ = {isa = PBXFileReference; lastKnownFileType = folder.assetcatalog; path = Assets.xcassets; sourceTree = "<group>"; };
		43FE629828F1F53E007433B4 /* Preview Assets.xcassets */ = {isa = PBXFileReference; lastKnownFileType = folder.assetcatalog; path = "Preview Assets.xcassets"; sourceTree = "<group>"; };
		43FE629E28F1F53E007433B4 /* WidgetKitTodoTests.xctest */ = {isa = PBXFileReference; explicitFileType = wrapper.cfbundle; includeInIndex = 0; path = WidgetKitTodoTests.xctest; sourceTree = BUILT_PRODUCTS_DIR; };
		43FE62A228F1F53E007433B4 /* WidgetKitTodoTests.swift */ = {isa = PBXFileReference; lastKnownFileType = sourcecode.swift; path = WidgetKitTodoTests.swift; sourceTree = "<group>"; };
		43FE62A828F1F53E007433B4 /* WidgetKitTodoUITests.xctest */ = {isa = PBXFileReference; explicitFileType = wrapper.cfbundle; includeInIndex = 0; path = WidgetKitTodoUITests.xctest; sourceTree = BUILT_PRODUCTS_DIR; };
		43FE62AC28F1F53E007433B4 /* WidgetKitTodoUITests.swift */ = {isa = PBXFileReference; lastKnownFileType = sourcecode.swift; path = WidgetKitTodoUITests.swift; sourceTree = "<group>"; };
		43FE62AE28F1F53E007433B4 /* WidgetKitTodoUITestsLaunchTests.swift */ = {isa = PBXFileReference; lastKnownFileType = sourcecode.swift; path = WidgetKitTodoUITestsLaunchTests.swift; sourceTree = "<group>"; };
		43FE62BB28F1F616007433B4 /* Todo.swift */ = {isa = PBXFileReference; lastKnownFileType = sourcecode.swift; path = Todo.swift; sourceTree = "<group>"; };
		43FE62BD28F1F685007433B4 /* TodoService.swift */ = {isa = PBXFileReference; lastKnownFileType = sourcecode.swift; path = TodoService.swift; sourceTree = "<group>"; };
		43FE62C328F2AF79007433B4 /* WidgetKitTodoWidgetExtension.appex */ = {isa = PBXFileReference; explicitFileType = "wrapper.app-extension"; includeInIndex = 0; path = WidgetKitTodoWidgetExtension.appex; sourceTree = BUILT_PRODUCTS_DIR; };
		43FE62C528F2AF79007433B4 /* WidgetKit.framework */ = {isa = PBXFileReference; lastKnownFileType = wrapper.framework; name = WidgetKit.framework; path = System/Library/Frameworks/WidgetKit.framework; sourceTree = SDKROOT; };
		43FE62C728F2AF79007433B4 /* SwiftUI.framework */ = {isa = PBXFileReference; lastKnownFileType = wrapper.framework; name = SwiftUI.framework; path = System/Library/Frameworks/SwiftUI.framework; sourceTree = SDKROOT; };
		43FE62CA28F2AF79007433B4 /* WidgetKitTodoWidget.swift */ = {isa = PBXFileReference; lastKnownFileType = sourcecode.swift; path = WidgetKitTodoWidget.swift; sourceTree = "<group>"; };
		43FE62CC28F2AF7A007433B4 /* Assets.xcassets */ = {isa = PBXFileReference; lastKnownFileType = folder.assetcatalog; path = Assets.xcassets; sourceTree = "<group>"; };
		43FE62CE28F2AF7A007433B4 /* Info.plist */ = {isa = PBXFileReference; lastKnownFileType = text.plist.xml; path = Info.plist; sourceTree = "<group>"; };
		43FE62D828F2B230007433B4 /* Provider.swift */ = {isa = PBXFileReference; lastKnownFileType = sourcecode.swift; path = Provider.swift; sourceTree = "<group>"; };
		43FE62DA28F2B275007433B4 /* SimpleEntry.swift */ = {isa = PBXFileReference; lastKnownFileType = sourcecode.swift; path = SimpleEntry.swift; sourceTree = "<group>"; };
/* End PBXFileReference section */

/* Begin PBXFrameworksBuildPhase section */
		43FE628B28F1F53D007433B4 /* Frameworks */ = {
			isa = PBXFrameworksBuildPhase;
			buildActionMask = 2147483647;
			files = (
			);
			runOnlyForDeploymentPostprocessing = 0;
		};
		43FE629B28F1F53E007433B4 /* Frameworks */ = {
			isa = PBXFrameworksBuildPhase;
			buildActionMask = 2147483647;
			files = (
			);
			runOnlyForDeploymentPostprocessing = 0;
		};
		43FE62A528F1F53E007433B4 /* Frameworks */ = {
			isa = PBXFrameworksBuildPhase;
			buildActionMask = 2147483647;
			files = (
			);
			runOnlyForDeploymentPostprocessing = 0;
		};
		43FE62C028F2AF79007433B4 /* Frameworks */ = {
			isa = PBXFrameworksBuildPhase;
			buildActionMask = 2147483647;
			files = (
				43FE62C828F2AF79007433B4 /* SwiftUI.framework in Frameworks */,
				43FE62C628F2AF79007433B4 /* WidgetKit.framework in Frameworks */,
			);
			runOnlyForDeploymentPostprocessing = 0;
		};
/* End PBXFrameworksBuildPhase section */

/* Begin PBXGroup section */
		43FE628528F1F53D007433B4 = {
			isa = PBXGroup;
			children = (
				43FE629028F1F53D007433B4 /* WidgetKitTodo */,
				43FE62A128F1F53E007433B4 /* WidgetKitTodoTests */,
				43FE62AB28F1F53E007433B4 /* WidgetKitTodoUITests */,
				43FE62C928F2AF79007433B4 /* WidgetKitTodoWidget */,
				43FE62C428F2AF79007433B4 /* Frameworks */,
				43FE628F28F1F53D007433B4 /* Products */,
			);
			sourceTree = "<group>";
		};
		43FE628F28F1F53D007433B4 /* Products */ = {
			isa = PBXGroup;
			children = (
				43FE628E28F1F53D007433B4 /* WidgetKitTodo.app */,
				43FE629E28F1F53E007433B4 /* WidgetKitTodoTests.xctest */,
				43FE62A828F1F53E007433B4 /* WidgetKitTodoUITests.xctest */,
				43FE62C328F2AF79007433B4 /* WidgetKitTodoWidgetExtension.appex */,
			);
			name = Products;
			sourceTree = "<group>";
		};
		43FE629028F1F53D007433B4 /* WidgetKitTodo */ = {
			isa = PBXGroup;
			children = (
				43FE629128F1F53D007433B4 /* WidgetKitTodoApp.swift */,
				43FE62D728F2AFAF007433B4 /* View */,
				43FE62D628F2AFA8007433B4 /* Data */,
				43FE629528F1F53E007433B4 /* Assets.xcassets */,
				43FE629728F1F53E007433B4 /* Preview Content */,
			);
			path = WidgetKitTodo;
			sourceTree = "<group>";
		};
		43FE629728F1F53E007433B4 /* Preview Content */ = {
			isa = PBXGroup;
			children = (
				43FE629828F1F53E007433B4 /* Preview Assets.xcassets */,
			);
			path = "Preview Content";
			sourceTree = "<group>";
		};
		43FE62A128F1F53E007433B4 /* WidgetKitTodoTests */ = {
			isa = PBXGroup;
			children = (
				43FE62A228F1F53E007433B4 /* WidgetKitTodoTests.swift */,
			);
			path = WidgetKitTodoTests;
			sourceTree = "<group>";
		};
		43FE62AB28F1F53E007433B4 /* WidgetKitTodoUITests */ = {
			isa = PBXGroup;
			children = (
				43FE62AC28F1F53E007433B4 /* WidgetKitTodoUITests.swift */,
				43FE62AE28F1F53E007433B4 /* WidgetKitTodoUITestsLaunchTests.swift */,
			);
			path = WidgetKitTodoUITests;
			sourceTree = "<group>";
		};
		43FE62C428F2AF79007433B4 /* Frameworks */ = {
			isa = PBXGroup;
			children = (
				43FE62C528F2AF79007433B4 /* WidgetKit.framework */,
				43FE62C728F2AF79007433B4 /* SwiftUI.framework */,
			);
			name = Frameworks;
			sourceTree = "<group>";
		};
		43FE62C928F2AF79007433B4 /* WidgetKitTodoWidget */ = {
			isa = PBXGroup;
			children = (
				43FE62CA28F2AF79007433B4 /* WidgetKitTodoWidget.swift */,
				43FE62DA28F2B275007433B4 /* SimpleEntry.swift */,
				43FE62D828F2B230007433B4 /* Provider.swift */,
				43FE62CC28F2AF7A007433B4 /* Assets.xcassets */,
				43FE62CE28F2AF7A007433B4 /* Info.plist */,
			);
			path = WidgetKitTodoWidget;
			sourceTree = "<group>";
		};
		43FE62D628F2AFA8007433B4 /* Data */ = {
			isa = PBXGroup;
			children = (
				43FE62BB28F1F616007433B4 /* Todo.swift */,
				43FE62BD28F1F685007433B4 /* TodoService.swift */,
			);
			path = Data;
			sourceTree = "<group>";
		};
		43FE62D728F2AFAF007433B4 /* View */ = {
			isa = PBXGroup;
			children = (
				43FE629328F1F53D007433B4 /* ContentView.swift */,
			);
			path = View;
			sourceTree = "<group>";
		};
/* End PBXGroup section */

/* Begin PBXNativeTarget section */
		43FE628D28F1F53D007433B4 /* WidgetKitTodo */ = {
			isa = PBXNativeTarget;
			buildConfigurationList = 43FE62B228F1F53E007433B4 /* Build configuration list for PBXNativeTarget "WidgetKitTodo" */;
			buildPhases = (
				43FE628A28F1F53D007433B4 /* Sources */,
				43FE628B28F1F53D007433B4 /* Frameworks */,
				43FE628C28F1F53D007433B4 /* Resources */,
				43FE62D528F2AF7A007433B4 /* Embed Foundation Extensions */,
			);
			buildRules = (
			);
			dependencies = (
				43FE62D028F2AF7A007433B4 /* PBXTargetDependency */,
			);
			name = WidgetKitTodo;
			productName = WidgetKitTodo;
			productReference = 43FE628E28F1F53D007433B4 /* WidgetKitTodo.app */;
			productType = "com.apple.product-type.application";
		};
		43FE629D28F1F53E007433B4 /* WidgetKitTodoTests */ = {
			isa = PBXNativeTarget;
			buildConfigurationList = 43FE62B528F1F53E007433B4 /* Build configuration list for PBXNativeTarget "WidgetKitTodoTests" */;
			buildPhases = (
				43FE629A28F1F53E007433B4 /* Sources */,
				43FE629B28F1F53E007433B4 /* Frameworks */,
				43FE629C28F1F53E007433B4 /* Resources */,
			);
			buildRules = (
			);
			dependencies = (
				43FE62A028F1F53E007433B4 /* PBXTargetDependency */,
			);
			name = WidgetKitTodoTests;
			productName = WidgetKitTodoTests;
			productReference = 43FE629E28F1F53E007433B4 /* WidgetKitTodoTests.xctest */;
			productType = "com.apple.product-type.bundle.unit-test";
		};
		43FE62A728F1F53E007433B4 /* WidgetKitTodoUITests */ = {
			isa = PBXNativeTarget;
			buildConfigurationList = 43FE62B828F1F53E007433B4 /* Build configuration list for PBXNativeTarget "WidgetKitTodoUITests" */;
			buildPhases = (
				43FE62A428F1F53E007433B4 /* Sources */,
				43FE62A528F1F53E007433B4 /* Frameworks */,
				43FE62A628F1F53E007433B4 /* Resources */,
			);
			buildRules = (
			);
			dependencies = (
				43FE62AA28F1F53E007433B4 /* PBXTargetDependency */,
			);
			name = WidgetKitTodoUITests;
			productName = WidgetKitTodoUITests;
			productReference = 43FE62A828F1F53E007433B4 /* WidgetKitTodoUITests.xctest */;
			productType = "com.apple.product-type.bundle.ui-testing";
		};
		43FE62C228F2AF79007433B4 /* WidgetKitTodoWidgetExtension */ = {
			isa = PBXNativeTarget;
			buildConfigurationList = 43FE62D228F2AF7A007433B4 /* Build configuration list for PBXNativeTarget "WidgetKitTodoWidgetExtension" */;
			buildPhases = (
				43FE62BF28F2AF79007433B4 /* Sources */,
				43FE62C028F2AF79007433B4 /* Frameworks */,
				43FE62C128F2AF79007433B4 /* Resources */,
			);
			buildRules = (
			);
			dependencies = (
			);
			name = WidgetKitTodoWidgetExtension;
			productName = WidgetKitTodoWidgetExtension;
			productReference = 43FE62C328F2AF79007433B4 /* WidgetKitTodoWidgetExtension.appex */;
			productType = "com.apple.product-type.app-extension";
		};
/* End PBXNativeTarget section */

/* Begin PBXProject section */
		43FE628628F1F53D007433B4 /* Project object */ = {
			isa = PBXProject;
			attributes = {
				BuildIndependentTargetsInParallel = 1;
				LastSwiftUpdateCheck = 1400;
				LastUpgradeCheck = 1400;
				TargetAttributes = {
					43FE628D28F1F53D007433B4 = {
						CreatedOnToolsVersion = 14.0.1;
					};
					43FE629D28F1F53E007433B4 = {
						CreatedOnToolsVersion = 14.0.1;
						TestTargetID = 43FE628D28F1F53D007433B4;
					};
					43FE62A728F1F53E007433B4 = {
						CreatedOnToolsVersion = 14.0.1;
						TestTargetID = 43FE628D28F1F53D007433B4;
					};
					43FE62C228F2AF79007433B4 = {
						CreatedOnToolsVersion = 14.0.1;
					};
				};
			};
			buildConfigurationList = 43FE628928F1F53D007433B4 /* Build configuration list for PBXProject "WidgetKitTodo" */;
			compatibilityVersion = "Xcode 14.0";
			developmentRegion = en;
			hasScannedForEncodings = 0;
			knownRegions = (
				en,
				Base,
			);
			mainGroup = 43FE628528F1F53D007433B4;
			productRefGroup = 43FE628F28F1F53D007433B4 /* Products */;
			projectDirPath = "";
			projectRoot = "";
			targets = (
				43FE628D28F1F53D007433B4 /* WidgetKitTodo */,
				43FE629D28F1F53E007433B4 /* WidgetKitTodoTests */,
				43FE62A728F1F53E007433B4 /* WidgetKitTodoUITests */,
				43FE62C228F2AF79007433B4 /* WidgetKitTodoWidgetExtension */,
			);
		};
/* End PBXProject section */

/* Begin PBXResourcesBuildPhase section */
		43FE628C28F1F53D007433B4 /* Resources */ = {
			isa = PBXResourcesBuildPhase;
			buildActionMask = 2147483647;
			files = (
				43FE629928F1F53E007433B4 /* Preview Assets.xcassets in Resources */,
				43FE629628F1F53E007433B4 /* Assets.xcassets in Resources */,
			);
			runOnlyForDeploymentPostprocessing = 0;
		};
		43FE629C28F1F53E007433B4 /* Resources */ = {
			isa = PBXResourcesBuildPhase;
			buildActionMask = 2147483647;
			files = (
			);
			runOnlyForDeploymentPostprocessing = 0;
		};
		43FE62A628F1F53E007433B4 /* Resources */ = {
			isa = PBXResourcesBuildPhase;
			buildActionMask = 2147483647;
			files = (
			);
			runOnlyForDeploymentPostprocessing = 0;
		};
		43FE62C128F2AF79007433B4 /* Resources */ = {
			isa = PBXResourcesBuildPhase;
			buildActionMask = 2147483647;
			files = (
				43FE62CD28F2AF7A007433B4 /* Assets.xcassets in Resources */,
			);
			runOnlyForDeploymentPostprocessing = 0;
		};
/* End PBXResourcesBuildPhase section */

/* Begin PBXSourcesBuildPhase section */
		43FE628A28F1F53D007433B4 /* Sources */ = {
			isa = PBXSourcesBuildPhase;
			buildActionMask = 2147483647;
			files = (
				43FE629428F1F53D007433B4 /* ContentView.swift in Sources */,
				43FE62BC28F1F616007433B4 /* Todo.swift in Sources */,
				43FE629228F1F53D007433B4 /* WidgetKitTodoApp.swift in Sources */,
				43FE62BE28F1F685007433B4 /* TodoService.swift in Sources */,
			);
			runOnlyForDeploymentPostprocessing = 0;
		};
		43FE629A28F1F53E007433B4 /* Sources */ = {
			isa = PBXSourcesBuildPhase;
			buildActionMask = 2147483647;
			files = (
				43FE62A328F1F53E007433B4 /* WidgetKitTodoTests.swift in Sources */,
			);
			runOnlyForDeploymentPostprocessing = 0;
		};
		43FE62A428F1F53E007433B4 /* Sources */ = {
			isa = PBXSourcesBuildPhase;
			buildActionMask = 2147483647;
			files = (
				43FE62AD28F1F53E007433B4 /* WidgetKitTodoUITests.swift in Sources */,
				43FE62AF28F1F53E007433B4 /* WidgetKitTodoUITestsLaunchTests.swift in Sources */,
			);
			runOnlyForDeploymentPostprocessing = 0;
		};
		43FE62BF28F2AF79007433B4 /* Sources */ = {
			isa = PBXSourcesBuildPhase;
			buildActionMask = 2147483647;
			files = (
				43FE62DB28F2B275007433B4 /* SimpleEntry.swift in Sources */,
				43FE62D928F2B230007433B4 /* Provider.swift in Sources */,
				43FE62CB28F2AF79007433B4 /* WidgetKitTodoWidget.swift in Sources */,
			);
			runOnlyForDeploymentPostprocessing = 0;
		};
/* End PBXSourcesBuildPhase section */

/* Begin PBXTargetDependency section */
		43FE62A028F1F53E007433B4 /* PBXTargetDependency */ = {
			isa = PBXTargetDependency;
			target = 43FE628D28F1F53D007433B4 /* WidgetKitTodo */;
			targetProxy = 43FE629F28F1F53E007433B4 /* PBXContainerItemProxy */;
		};
		43FE62AA28F1F53E007433B4 /* PBXTargetDependency */ = {
			isa = PBXTargetDependency;
			target = 43FE628D28F1F53D007433B4 /* WidgetKitTodo */;
			targetProxy = 43FE62A928F1F53E007433B4 /* PBXContainerItemProxy */;
		};
		43FE62D028F2AF7A007433B4 /* PBXTargetDependency */ = {
			isa = PBXTargetDependency;
			target = 43FE62C228F2AF79007433B4 /* WidgetKitTodoWidgetExtension */;
			targetProxy = 43FE62CF28F2AF7A007433B4 /* PBXContainerItemProxy */;
		};
/* End PBXTargetDependency section */

/* Begin XCBuildConfiguration section */
		43FE62B028F1F53E007433B4 /* Debug */ = {
			isa = XCBuildConfiguration;
			buildSettings = {
				ALWAYS_SEARCH_USER_PATHS = NO;
				CLANG_ANALYZER_NONNULL = YES;
				CLANG_ANALYZER_NUMBER_OBJECT_CONVERSION = YES_AGGRESSIVE;
				CLANG_CXX_LANGUAGE_STANDARD = "gnu++20";
				CLANG_ENABLE_MODULES = YES;
				CLANG_ENABLE_OBJC_ARC = YES;
				CLANG_ENABLE_OBJC_WEAK = YES;
				CLANG_WARN_BLOCK_CAPTURE_AUTORELEASING = YES;
				CLANG_WARN_BOOL_CONVERSION = YES;
				CLANG_WARN_COMMA = YES;
				CLANG_WARN_CONSTANT_CONVERSION = YES;
				CLANG_WARN_DEPRECATED_OBJC_IMPLEMENTATIONS = YES;
				CLANG_WARN_DIRECT_OBJC_ISA_USAGE = YES_ERROR;
				CLANG_WARN_DOCUMENTATION_COMMENTS = YES;
				CLANG_WARN_EMPTY_BODY = YES;
				CLANG_WARN_ENUM_CONVERSION = YES;
				CLANG_WARN_INFINITE_RECURSION = YES;
				CLANG_WARN_INT_CONVERSION = YES;
				CLANG_WARN_NON_LITERAL_NULL_CONVERSION = YES;
				CLANG_WARN_OBJC_IMPLICIT_RETAIN_SELF = YES;
				CLANG_WARN_OBJC_LITERAL_CONVERSION = YES;
				CLANG_WARN_OBJC_ROOT_CLASS = YES_ERROR;
				CLANG_WARN_QUOTED_INCLUDE_IN_FRAMEWORK_HEADER = YES;
				CLANG_WARN_RANGE_LOOP_ANALYSIS = YES;
				CLANG_WARN_STRICT_PROTOTYPES = YES;
				CLANG_WARN_SUSPICIOUS_MOVE = YES;
				CLANG_WARN_UNGUARDED_AVAILABILITY = YES_AGGRESSIVE;
				CLANG_WARN_UNREACHABLE_CODE = YES;
				CLANG_WARN__DUPLICATE_METHOD_MATCH = YES;
				COPY_PHASE_STRIP = NO;
				DEBUG_INFORMATION_FORMAT = dwarf;
				ENABLE_STRICT_OBJC_MSGSEND = YES;
				ENABLE_TESTABILITY = YES;
				GCC_C_LANGUAGE_STANDARD = gnu11;
				GCC_DYNAMIC_NO_PIC = NO;
				GCC_NO_COMMON_BLOCKS = YES;
				GCC_OPTIMIZATION_LEVEL = 0;
				GCC_PREPROCESSOR_DEFINITIONS = (
					"DEBUG=1",
					"$(inherited)",
				);
				GCC_WARN_64_TO_32_BIT_CONVERSION = YES;
				GCC_WARN_ABOUT_RETURN_TYPE = YES_ERROR;
				GCC_WARN_UNDECLARED_SELECTOR = YES;
				GCC_WARN_UNINITIALIZED_AUTOS = YES_AGGRESSIVE;
				GCC_WARN_UNUSED_FUNCTION = YES;
				GCC_WARN_UNUSED_VARIABLE = YES;
				IPHONEOS_DEPLOYMENT_TARGET = 16.0;
				MTL_ENABLE_DEBUG_INFO = INCLUDE_SOURCE;
				MTL_FAST_MATH = YES;
				ONLY_ACTIVE_ARCH = YES;
				SDKROOT = iphoneos;
				SWIFT_ACTIVE_COMPILATION_CONDITIONS = DEBUG;
				SWIFT_OPTIMIZATION_LEVEL = "-Onone";
			};
			name = Debug;
		};
		43FE62B128F1F53E007433B4 /* Release */ = {
			isa = XCBuildConfiguration;
			buildSettings = {
				ALWAYS_SEARCH_USER_PATHS = NO;
				CLANG_ANALYZER_NONNULL = YES;
				CLANG_ANALYZER_NUMBER_OBJECT_CONVERSION = YES_AGGRESSIVE;
				CLANG_CXX_LANGUAGE_STANDARD = "gnu++20";
				CLANG_ENABLE_MODULES = YES;
				CLANG_ENABLE_OBJC_ARC = YES;
				CLANG_ENABLE_OBJC_WEAK = YES;
				CLANG_WARN_BLOCK_CAPTURE_AUTORELEASING = YES;
				CLANG_WARN_BOOL_CONVERSION = YES;
				CLANG_WARN_COMMA = YES;
				CLANG_WARN_CONSTANT_CONVERSION = YES;
				CLANG_WARN_DEPRECATED_OBJC_IMPLEMENTATIONS = YES;
				CLANG_WARN_DIRECT_OBJC_ISA_USAGE = YES_ERROR;
				CLANG_WARN_DOCUMENTATION_COMMENTS = YES;
				CLANG_WARN_EMPTY_BODY = YES;
				CLANG_WARN_ENUM_CONVERSION = YES;
				CLANG_WARN_INFINITE_RECURSION = YES;
				CLANG_WARN_INT_CONVERSION = YES;
				CLANG_WARN_NON_LITERAL_NULL_CONVERSION = YES;
				CLANG_WARN_OBJC_IMPLICIT_RETAIN_SELF = YES;
				CLANG_WARN_OBJC_LITERAL_CONVERSION = YES;
				CLANG_WARN_OBJC_ROOT_CLASS = YES_ERROR;
				CLANG_WARN_QUOTED_INCLUDE_IN_FRAMEWORK_HEADER = YES;
				CLANG_WARN_RANGE_LOOP_ANALYSIS = YES;
				CLANG_WARN_STRICT_PROTOTYPES = YES;
				CLANG_WARN_SUSPICIOUS_MOVE = YES;
				CLANG_WARN_UNGUARDED_AVAILABILITY = YES_AGGRESSIVE;
				CLANG_WARN_UNREACHABLE_CODE = YES;
				CLANG_WARN__DUPLICATE_METHOD_MATCH = YES;
				COPY_PHASE_STRIP = NO;
				DEBUG_INFORMATION_FORMAT = "dwarf-with-dsym";
				ENABLE_NS_ASSERTIONS = NO;
				ENABLE_STRICT_OBJC_MSGSEND = YES;
				GCC_C_LANGUAGE_STANDARD = gnu11;
				GCC_NO_COMMON_BLOCKS = YES;
				GCC_WARN_64_TO_32_BIT_CONVERSION = YES;
				GCC_WARN_ABOUT_RETURN_TYPE = YES_ERROR;
				GCC_WARN_UNDECLARED_SELECTOR = YES;
				GCC_WARN_UNINITIALIZED_AUTOS = YES_AGGRESSIVE;
				GCC_WARN_UNUSED_FUNCTION = YES;
				GCC_WARN_UNUSED_VARIABLE = YES;
				IPHONEOS_DEPLOYMENT_TARGET = 16.0;
				MTL_ENABLE_DEBUG_INFO = NO;
				MTL_FAST_MATH = YES;
				SDKROOT = iphoneos;
				SWIFT_COMPILATION_MODE = wholemodule;
				SWIFT_OPTIMIZATION_LEVEL = "-O";
				VALIDATE_PRODUCT = YES;
			};
			name = Release;
		};
		43FE62B328F1F53E007433B4 /* Debug */ = {
			isa = XCBuildConfiguration;
			buildSettings = {
				ALWAYS_EMBED_SWIFT_STANDARD_LIBRARIES = YES;
				ASSETCATALOG_COMPILER_APPICON_NAME = AppIcon;
				ASSETCATALOG_COMPILER_GLOBAL_ACCENT_COLOR_NAME = AccentColor;
				CODE_SIGN_STYLE = Automatic;
				CURRENT_PROJECT_VERSION = 1;
				DEVELOPMENT_ASSET_PATHS = "\"WidgetKitTodo/Preview Content\"";
				DEVELOPMENT_TEAM = 97MHK6W334;
				ENABLE_PREVIEWS = YES;
				GENERATE_INFOPLIST_FILE = YES;
				INFOPLIST_KEY_UIApplicationSceneManifest_Generation = YES;
				INFOPLIST_KEY_UIApplicationSupportsIndirectInputEvents = YES;
				INFOPLIST_KEY_UILaunchScreen_Generation = YES;
				INFOPLIST_KEY_UISupportedInterfaceOrientations_iPad = "UIInterfaceOrientationPortrait UIInterfaceOrientationPortraitUpsideDown UIInterfaceOrientationLandscapeLeft UIInterfaceOrientationLandscapeRight";
				INFOPLIST_KEY_UISupportedInterfaceOrientations_iPhone = "UIInterfaceOrientationPortrait UIInterfaceOrientationLandscapeLeft UIInterfaceOrientationLandscapeRight";
				LD_RUNPATH_SEARCH_PATHS = (
					"$(inherited)",
					"@executable_path/Frameworks",
				);
				MARKETING_VERSION = 1.0;
				PRODUCT_BUNDLE_IDENTIFIER = com.studioKaori.WidgetKitTodo;
				PRODUCT_NAME = "$(TARGET_NAME)";
				SWIFT_EMIT_LOC_STRINGS = YES;
				SWIFT_VERSION = 5.0;
				TARGETED_DEVICE_FAMILY = "1,2";
			};
			name = Debug;
		};
		43FE62B428F1F53E007433B4 /* Release */ = {
			isa = XCBuildConfiguration;
			buildSettings = {
				ALWAYS_EMBED_SWIFT_STANDARD_LIBRARIES = YES;
				ASSETCATALOG_COMPILER_APPICON_NAME = AppIcon;
				ASSETCATALOG_COMPILER_GLOBAL_ACCENT_COLOR_NAME = AccentColor;
				CODE_SIGN_STYLE = Automatic;
				CURRENT_PROJECT_VERSION = 1;
				DEVELOPMENT_ASSET_PATHS = "\"WidgetKitTodo/Preview Content\"";
				DEVELOPMENT_TEAM = 97MHK6W334;
				ENABLE_PREVIEWS = YES;
				GENERATE_INFOPLIST_FILE = YES;
				INFOPLIST_KEY_UIApplicationSceneManifest_Generation = YES;
				INFOPLIST_KEY_UIApplicationSupportsIndirectInputEvents = YES;
				INFOPLIST_KEY_UILaunchScreen_Generation = YES;
				INFOPLIST_KEY_UISupportedInterfaceOrientations_iPad = "UIInterfaceOrientationPortrait UIInterfaceOrientationPortraitUpsideDown UIInterfaceOrientationLandscapeLeft UIInterfaceOrientationLandscapeRight";
				INFOPLIST_KEY_UISupportedInterfaceOrientations_iPhone = "UIInterfaceOrientationPortrait UIInterfaceOrientationLandscapeLeft UIInterfaceOrientationLandscapeRight";
				LD_RUNPATH_SEARCH_PATHS = (
					"$(inherited)",
					"@executable_path/Frameworks",
				);
				MARKETING_VERSION = 1.0;
				PRODUCT_BUNDLE_IDENTIFIER = com.studioKaori.WidgetKitTodo;
				PRODUCT_NAME = "$(TARGET_NAME)";
				SWIFT_EMIT_LOC_STRINGS = YES;
				SWIFT_VERSION = 5.0;
				TARGETED_DEVICE_FAMILY = "1,2";
			};
			name = Release;
		};
		43FE62B628F1F53E007433B4 /* Debug */ = {
			isa = XCBuildConfiguration;
			buildSettings = {
				ALWAYS_EMBED_SWIFT_STANDARD_LIBRARIES = YES;
				BUNDLE_LOADER = "$(TEST_HOST)";
				CODE_SIGN_STYLE = Automatic;
				CURRENT_PROJECT_VERSION = 1;
				DEVELOPMENT_TEAM = 97MHK6W334;
				GENERATE_INFOPLIST_FILE = YES;
				IPHONEOS_DEPLOYMENT_TARGET = 16.0;
				MARKETING_VERSION = 1.0;
				PRODUCT_BUNDLE_IDENTIFIER = com.studioKaori.WidgetKitTodoTests;
				PRODUCT_NAME = "$(TARGET_NAME)";
				SWIFT_EMIT_LOC_STRINGS = NO;
				SWIFT_VERSION = 5.0;
				TARGETED_DEVICE_FAMILY = "1,2";
				TEST_HOST = "$(BUILT_PRODUCTS_DIR)/WidgetKitTodo.app/$(BUNDLE_EXECUTABLE_FOLDER_PATH)/WidgetKitTodo";
			};
			name = Debug;
		};
		43FE62B728F1F53E007433B4 /* Release */ = {
			isa = XCBuildConfiguration;
			buildSettings = {
				ALWAYS_EMBED_SWIFT_STANDARD_LIBRARIES = YES;
				BUNDLE_LOADER = "$(TEST_HOST)";
				CODE_SIGN_STYLE = Automatic;
				CURRENT_PROJECT_VERSION = 1;
				DEVELOPMENT_TEAM = 97MHK6W334;
				GENERATE_INFOPLIST_FILE = YES;
				IPHONEOS_DEPLOYMENT_TARGET = 16.0;
				MARKETING_VERSION = 1.0;
				PRODUCT_BUNDLE_IDENTIFIER = com.studioKaori.WidgetKitTodoTests;
				PRODUCT_NAME = "$(TARGET_NAME)";
				SWIFT_EMIT_LOC_STRINGS = NO;
				SWIFT_VERSION = 5.0;
				TARGETED_DEVICE_FAMILY = "1,2";
				TEST_HOST = "$(BUILT_PRODUCTS_DIR)/WidgetKitTodo.app/$(BUNDLE_EXECUTABLE_FOLDER_PATH)/WidgetKitTodo";
			};
			name = Release;
		};
		43FE62B928F1F53E007433B4 /* Debug */ = {
			isa = XCBuildConfiguration;
			buildSettings = {
				ALWAYS_EMBED_SWIFT_STANDARD_LIBRARIES = YES;
				CODE_SIGN_STYLE = Automatic;
				CURRENT_PROJECT_VERSION = 1;
				DEVELOPMENT_TEAM = 97MHK6W334;
				GENERATE_INFOPLIST_FILE = YES;
				MARKETING_VERSION = 1.0;
				PRODUCT_BUNDLE_IDENTIFIER = com.studioKaori.WidgetKitTodoUITests;
				PRODUCT_NAME = "$(TARGET_NAME)";
				SWIFT_EMIT_LOC_STRINGS = NO;
				SWIFT_VERSION = 5.0;
				TARGETED_DEVICE_FAMILY = "1,2";
				TEST_TARGET_NAME = WidgetKitTodo;
			};
			name = Debug;
		};
		43FE62BA28F1F53E007433B4 /* Release */ = {
			isa = XCBuildConfiguration;
			buildSettings = {
				ALWAYS_EMBED_SWIFT_STANDARD_LIBRARIES = YES;
				CODE_SIGN_STYLE = Automatic;
				CURRENT_PROJECT_VERSION = 1;
				DEVELOPMENT_TEAM = 97MHK6W334;
				GENERATE_INFOPLIST_FILE = YES;
				MARKETING_VERSION = 1.0;
				PRODUCT_BUNDLE_IDENTIFIER = com.studioKaori.WidgetKitTodoUITests;
				PRODUCT_NAME = "$(TARGET_NAME)";
				SWIFT_EMIT_LOC_STRINGS = NO;
				SWIFT_VERSION = 5.0;
				TARGETED_DEVICE_FAMILY = "1,2";
				TEST_TARGET_NAME = WidgetKitTodo;
			};
			name = Release;
		};
		43FE62D328F2AF7A007433B4 /* Debug */ = {
			isa = XCBuildConfiguration;
			buildSettings = {
				ASSETCATALOG_COMPILER_GLOBAL_ACCENT_COLOR_NAME = AccentColor;
				ASSETCATALOG_COMPILER_WIDGET_BACKGROUND_COLOR_NAME = WidgetBackground;
				CODE_SIGN_STYLE = Automatic;
				CURRENT_PROJECT_VERSION = 1;
				DEVELOPMENT_TEAM = 97MHK6W334;
				GENERATE_INFOPLIST_FILE = YES;
				INFOPLIST_FILE = WidgetKitTodoWidget/Info.plist;
				INFOPLIST_KEY_CFBundleDisplayName = WidgetKitTodoWidget;
				INFOPLIST_KEY_NSHumanReadableCopyright = "";
				LD_RUNPATH_SEARCH_PATHS = (
					"$(inherited)",
					"@executable_path/Frameworks",
					"@executable_path/../../Frameworks",
				);
				MARKETING_VERSION = 1.0;
				PRODUCT_BUNDLE_IDENTIFIER = com.studioKaori.WidgetKitTodo.WidgetKitTodoWidget;
				PRODUCT_NAME = "$(TARGET_NAME)";
				SKIP_INSTALL = YES;
				SWIFT_EMIT_LOC_STRINGS = YES;
				SWIFT_VERSION = 5.0;
				TARGETED_DEVICE_FAMILY = "1,2";
			};
			name = Debug;
		};
		43FE62D428F2AF7A007433B4 /* Release */ = {
			isa = XCBuildConfiguration;
			buildSettings = {
				ASSETCATALOG_COMPILER_GLOBAL_ACCENT_COLOR_NAME = AccentColor;
				ASSETCATALOG_COMPILER_WIDGET_BACKGROUND_COLOR_NAME = WidgetBackground;
				CODE_SIGN_STYLE = Automatic;
				CURRENT_PROJECT_VERSION = 1;
				DEVELOPMENT_TEAM = 97MHK6W334;
				GENERATE_INFOPLIST_FILE = YES;
				INFOPLIST_FILE = WidgetKitTodoWidget/Info.plist;
				INFOPLIST_KEY_CFBundleDisplayName = WidgetKitTodoWidget;
				INFOPLIST_KEY_NSHumanReadableCopyright = "";
				LD_RUNPATH_SEARCH_PATHS = (
					"$(inherited)",
					"@executable_path/Frameworks",
					"@executable_path/../../Frameworks",
				);
				MARKETING_VERSION = 1.0;
				PRODUCT_BUNDLE_IDENTIFIER = com.studioKaori.WidgetKitTodo.WidgetKitTodoWidget;
				PRODUCT_NAME = "$(TARGET_NAME)";
				SKIP_INSTALL = YES;
				SWIFT_EMIT_LOC_STRINGS = YES;
				SWIFT_VERSION = 5.0;
				TARGETED_DEVICE_FAMILY = "1,2";
			};
			name = Release;
		};
/* End XCBuildConfiguration section */

/* Begin XCConfigurationList section */
		43FE628928F1F53D007433B4 /* Build configuration list for PBXProject "WidgetKitTodo" */ = {
			isa = XCConfigurationList;
			buildConfigurations = (
				43FE62B028F1F53E007433B4 /* Debug */,
				43FE62B128F1F53E007433B4 /* Release */,
			);
			defaultConfigurationIsVisible = 0;
			defaultConfigurationName = Release;
		};
		43FE62B228F1F53E007433B4 /* Build configuration list for PBXNativeTarget "WidgetKitTodo" */ = {
			isa = XCConfigurationList;
			buildConfigurations = (
				43FE62B328F1F53E007433B4 /* Debug */,
				43FE62B428F1F53E007433B4 /* Release */,
			);
			defaultConfigurationIsVisible = 0;
			defaultConfigurationName = Release;
		};
		43FE62B528F1F53E007433B4 /* Build configuration list for PBXNativeTarget "WidgetKitTodoTests" */ = {
			isa = XCConfigurationList;
			buildConfigurations = (
				43FE62B628F1F53E007433B4 /* Debug */,
				43FE62B728F1F53E007433B4 /* Release */,
			);
			defaultConfigurationIsVisible = 0;
			defaultConfigurationName = Release;
		};
		43FE62B828F1F53E007433B4 /* Build configuration list for PBXNativeTarget "WidgetKitTodoUITests" */ = {
			isa = XCConfigurationList;
			buildConfigurations = (
				43FE62B928F1F53E007433B4 /* Debug */,
				43FE62BA28F1F53E007433B4 /* Release */,
			);
			defaultConfigurationIsVisible = 0;
			defaultConfigurationName = Release;
		};
		43FE62D228F2AF7A007433B4 /* Build configuration list for PBXNativeTarget "WidgetKitTodoWidgetExtension" */ = {
			isa = XCConfigurationList;
			buildConfigurations = (
				43FE62D328F2AF7A007433B4 /* Debug */,
				43FE62D428F2AF7A007433B4 /* Release */,
			);
			defaultConfigurationIsVisible = 0;
			defaultConfigurationName = Release;
		};
/* End XCConfigurationList section */
	};
	rootObject = 43FE628628F1F53D007433B4 /* Project object */;
}
